
Microsoft Visual Studio Solution File, Format Version 12.00
# Visual Studio Version 16
VisualStudioVersion = 16.0.29905.134
MinimumVisualStudioVersion = 10.0.40219.1
Project("{FAE04EC0-301F-11D3-BF4B-00C04F79EFBC}") = "Person", "Person.csproj", "{C4182439-1D3B-4AF6-AD7B-F62E88653717}"
EndProject
Global
	GlobalSection(SolutionConfigurationPlatforms) = preSolution
		Debug|Any CPU = Debug|Any CPU
		Release|Any CPU = Release|Any CPU
	EndGlobalSection
	GlobalSection(ProjectConfigurationPlatforms) = postSolution
		{C4182439-1D3B-4AF6-AD7B-F62E88653717}.Debug|Any CPU.ActiveCfg = Debug|Any CPU
		{C4182439-1D3B-4AF6-AD7B-F62E88653717}.Debug|Any CPU.Build.0 = Debug|Any CPU
		{C4182439-1D3B-4AF6-AD7B-F62E88653717}.Release|Any CPU.ActiveCfg = Release|Any CPU
		{C4182439-1D3B-4AF6-AD7B-F62E88653717}.Release|Any CPU.Build.0 = Release|Any CPU
	EndGlobalSection
	GlobalSection(SolutionProperties) = preSolution
		HideSolutionNode = FALSE
	EndGlobalSection
	GlobalSection(ExtensibilityGlobals) = postSolution
		SolutionGuid = {0C60B0C3-E883-4DBF-B657-6DF9104AAB9B}
	EndGlobalSection
EndGlobal
